
Microsoft Visual Studio Solution File, Format Version 12.00
# Visual Studio Version 16
VisualStudioVersion = 16.0.31112.23
MinimumVisualStudioVersion = 10.0.40219.1
Project("{FAE04EC0-301F-11D3-BF4B-00C04F79EFBC}") = "MVC_CRUD", "MVC_CRUD\MVC_CRUD.csproj", "{75AD7C12-5D7D-4AF8-A031-E34AC1250819}"
EndProject
Global
	GlobalSection(SolutionConfigurationPlatforms) = preSolution
		Debug|Any CPU = Debug|Any CPU
		Release|Any CPU = Release|Any CPU
	EndGlobalSection
	GlobalSection(ProjectConfigurationPlatforms) = postSolution
		{75AD7C12-5D7D-4AF8-A031-E34AC1250819}.Debug|Any CPU.ActiveCfg = Debug|Any CPU
		{75AD7C12-5D7D-4AF8-A031-E34AC1250819}.Debug|Any CPU.Build.0 = Debug|Any CPU
		{75AD7C12-5D7D-4AF8-A031-E34AC1250819}.Release|Any CPU.ActiveCfg = Release|Any CPU
		{75AD7C12-5D7D-4AF8-A031-E34AC1250819}.Release|Any CPU.Build.0 = Release|Any CPU
	EndGlobalSection
	GlobalSection(SolutionProperties) = preSolution
		HideSolutionNode = FALSE
	EndGlobalSection
	GlobalSection(ExtensibilityGlobals) = postSolution
		SolutionGuid = {D059E24F-FDBE-4F4F-9476-13D1722BE9B6}
	EndGlobalSection
EndGlobal
